// !$*UTF8*$!
{
	archiveVersion = 1;
	classes = {
	};
	objectVersion = 46;
	objects = {

/* Begin PBXBuildFile section */
		09B82A42198609B100C070AD /* AppDelegate.swift in Sources */ = {isa = PBXBuildFile; fileRef = 09B82A41198609B100C070AD /* AppDelegate.swift */; };
		09B82A44198609B100C070AD /* ViewController.swift in Sources */ = {isa = PBXBuildFile; fileRef = 09B82A43198609B100C070AD /* ViewController.swift */; };
		09B82A47198609B100C070AD /* Main.storyboard in Resources */ = {isa = PBXBuildFile; fileRef = 09B82A45198609B100C070AD /* Main.storyboard */; };
		09B82A49198609B100C070AD /* Images.xcassets in Resources */ = {isa = PBXBuildFile; fileRef = 09B82A48198609B100C070AD /* Images.xcassets */; };
		09B82A55198609B100C070AD /* wbTests.swift in Sources */ = {isa = PBXBuildFile; fileRef = 09B82A54198609B100C070AD /* wbTests.swift */; };
/* End PBXBuildFile section */

/* Begin PBXContainerItemProxy section */
		09B82A4F198609B100C070AD /* PBXContainerItemProxy */ = {
			isa = PBXContainerItemProxy;
			containerPortal = 09B82A34198609B000C070AD /* Project object */;
			proxyType = 1;
			remoteGlobalIDString = 09B82A3B198609B100C070AD;
			remoteInfo = wb;
		};
/* End PBXContainerItemProxy section */

/* Begin PBXFileReference section */
		09B82A3C198609B100C070AD /* wb.app */ = {isa = PBXFileReference; explicitFileType = wrapper.application; includeInIndex = 0; path = wb.app; sourceTree = BUILT_PRODUCTS_DIR; };
		09B82A40198609B100C070AD /* Info.plist */ = {isa = PBXFileReference; lastKnownFileType = text.plist.xml; path = Info.plist; sourceTree = "<group>"; };
		09B82A41198609B100C070AD /* AppDelegate.swift */ = {isa = PBXFileReference; lastKnownFileType = sourcecode.swift; path = AppDelegate.swift; sourceTree = "<group>"; };
		09B82A43198609B100C070AD /* ViewController.swift */ = {isa = PBXFileReference; lastKnownFileType = sourcecode.swift; path = ViewController.swift; sourceTree = "<group>"; };
		09B82A46198609B100C070AD /* Base */ = {isa = PBXFileReference; lastKnownFileType = file.storyboard; name = Base; path = Base.lproj/Main.storyboard; sourceTree = "<group>"; };
		09B82A48198609B100C070AD /* Images.xcassets */ = {isa = PBXFileReference; lastKnownFileType = folder.assetcatalog; path = Images.xcassets; sourceTree = "<group>"; };
		09B82A4E198609B100C070AD /* wbTests.xctest */ = {isa = PBXFileReference; explicitFileType = wrapper.cfbundle; includeInIndex = 0; path = wbTests.xctest; sourceTree = BUILT_PRODUCTS_DIR; };
		09B82A53198609B100C070AD /* Info.plist */ = {isa = PBXFileReference; lastKnownFileType = text.plist.xml; path = Info.plist; sourceTree = "<group>"; };
		09B82A54198609B100C070AD /* wbTests.swift */ = {isa = PBXFileReference; lastKnownFileType = sourcecode.swift; path = wbTests.swift; sourceTree = "<group>"; };
/* End PBXFileReference section */

/* Begin PBXFrameworksBuildPhase section */
		09B82A39198609B100C070AD /* Frameworks */ = {
			isa = PBXFrameworksBuildPhase;
			buildActionMask = 2147483647;
			files = (
			);
			runOnlyForDeploymentPostprocessing = 0;
		};
		09B82A4B198609B100C070AD /* Frameworks */ = {
			isa = PBXFrameworksBuildPhase;
			buildActionMask = 2147483647;
			files = (
			);
			runOnlyForDeploymentPostprocessing = 0;
		};
/* End PBXFrameworksBuildPhase section */

/* Begin PBXGroup section */
		09B82A33198609B000C070AD = {
			isa = PBXGroup;
			children = (
				09B82A3E198609B100C070AD /* wb */,
				09B82A51198609B100C070AD /* wbTests */,
				09B82A3D198609B100C070AD /* Products */,
			);
			sourceTree = "<group>";
		};
		09B82A3D198609B100C070AD /* Products */ = {
			isa = PBXGroup;
			children = (
				09B82A3C198609B100C070AD /* wb.app */,
				09B82A4E198609B100C070AD /* wbTests.xctest */,
			);
			name = Products;
			sourceTree = "<group>";
		};
		09B82A3E198609B100C070AD /* wb */ = {
			isa = PBXGroup;
			children = (
				09B82A41198609B100C070AD /* AppDelegate.swift */,
				09B82A43198609B100C070AD /* ViewController.swift */,
				09B82A45198609B100C070AD /* Main.storyboard */,
				09B82A48198609B100C070AD /* Images.xcassets */,
				09B82A3F198609B100C070AD /* Supporting Files */,
			);
			path = wb;
			sourceTree = "<group>";
		};
		09B82A3F198609B100C070AD /* Supporting Files */ = {
			isa = PBXGroup;
			children = (
				09B82A40198609B100C070AD /* Info.plist */,
			);
			name = "Supporting Files";
			sourceTree = "<group>";
		};
		09B82A51198609B100C070AD /* wbTests */ = {
			isa = PBXGroup;
			children = (
				09B82A54198609B100C070AD /* wbTests.swift */,
				09B82A52198609B100C070AD /* Supporting Files */,
			);
			path = wbTests;
			sourceTree = "<group>";
		};
		09B82A52198609B100C070AD /* Supporting Files */ = {
			isa = PBXGroup;
			children = (
				09B82A53198609B100C070AD /* Info.plist */,
			);
			name = "Supporting Files";
			sourceTree = "<group>";
		};
/* End PBXGroup section */

/* Begin PBXNativeTarget section */
		09B82A3B198609B100C070AD /* wb */ = {
			isa = PBXNativeTarget;
			buildConfigurationList = 09B82A58198609B100C070AD /* Build configuration list for PBXNativeTarget "wb" */;
			buildPhases = (
				09B82A38198609B100C070AD /* Sources */,
				09B82A39198609B100C070AD /* Frameworks */,
				09B82A3A198609B100C070AD /* Resources */,
			);
			buildRules = (
			);
			dependencies = (
			);
			name = wb;
			productName = wb;
			productReference = 09B82A3C198609B100C070AD /* wb.app */;
			productType = "com.apple.product-type.application";
		};
		09B82A4D198609B100C070AD /* wbTests */ = {
			isa = PBXNativeTarget;
			buildConfigurationList = 09B82A5B198609B100C070AD /* Build configuration list for PBXNativeTarget "wbTests" */;
			buildPhases = (
				09B82A4A198609B100C070AD /* Sources */,
				09B82A4B198609B100C070AD /* Frameworks */,
				09B82A4C198609B100C070AD /* Resources */,
			);
			buildRules = (
			);
			dependencies = (
				09B82A50198609B100C070AD /* PBXTargetDependency */,
			);
			name = wbTests;
			productName = wbTests;
			productReference = 09B82A4E198609B100C070AD /* wbTests.xctest */;
			productType = "com.apple.product-type.bundle.unit-test";
		};
/* End PBXNativeTarget section */

/* Begin PBXProject section */
		09B82A34198609B000C070AD /* Project object */ = {
			isa = PBXProject;
			attributes = {
				LastUpgradeCheck = 0600;
				ORGANIZATIONNAME = "吕杏素";
				TargetAttributes = {
					09B82A3B198609B100C070AD = {
						CreatedOnToolsVersion = 6.0;
					};
					09B82A4D198609B100C070AD = {
						CreatedOnToolsVersion = 6.0;
						TestTargetID = 09B82A3B198609B100C070AD;
					};
				};
			};
			buildConfigurationList = 09B82A37198609B000C070AD /* Build configuration list for PBXProject "wb" */;
			compatibilityVersion = "Xcode 3.2";
			developmentRegion = English;
			hasScannedForEncodings = 0;
			knownRegions = (
				en,
				Base,
			);
			mainGroup = 09B82A33198609B000C070AD;
			productRefGroup = 09B82A3D198609B100C070AD /* Products */;
			projectDirPath = "";
			projectRoot = "";
			targets = (
				09B82A3B198609B100C070AD /* wb */,
				09B82A4D198609B100C070AD /* wbTests */,
			);
		};
/* End PBXProject section */

/* Begin PBXResourcesBuildPhase section */
		09B82A3A198609B100C070AD /* Resources */ = {
			isa = PBXResourcesBuildPhase;
			buildActionMask = 2147483647;
			files = (
				09B82A47198609B100C070AD /* Main.storyboard in Resources */,
				09B82A49198609B100C070AD /* Images.xcassets in Resources */,
			);
			runOnlyForDeploymentPostprocessing = 0;
		};
		09B82A4C198609B100C070AD /* Resources */ = {
			isa = PBXResourcesBuildPhase;
			buildActionMask = 2147483647;
			files = (
			);
			runOnlyForDeploymentPostprocessing = 0;
		};
/* End PBXResourcesBuildPhase section */

/* Begin PBXSourcesBuildPhase section */
		09B82A38198609B100C070AD /* Sources */ = {
			isa = PBXSourcesBuildPhase;
			buildActionMask = 2147483647;
			files = (
				09B82A44198609B100C070AD /* ViewController.swift in Sources */,
				09B82A42198609B100C070AD /* AppDelegate.swift in Sources */,
			);
			runOnlyForDeploymentPostprocessing = 0;
		};
		09B82A4A198609B100C070AD /* Sources */ = {
			isa = PBXSourcesBuildPhase;
			buildActionMask = 2147483647;
			files = (
				09B82A55198609B100C070AD /* wbTests.swift in Sources */,
			);
			runOnlyForDeploymentPostprocessing = 0;
		};
/* End PBXSourcesBuildPhase section */

/* Begin PBXTargetDependency section */
		09B82A50198609B100C070AD /* PBXTargetDependency */ = {
			isa = PBXTargetDependency;
			target = 09B82A3B198609B100C070AD /* wb */;
			targetProxy = 09B82A4F198609B100C070AD /* PBXContainerItemProxy */;
		};
/* End PBXTargetDependency section */

/* Begin PBXVariantGroup section */
		09B82A45198609B100C070AD /* Main.storyboard */ = {
			isa = PBXVariantGroup;
			children = (
				09B82A46198609B100C070AD /* Base */,
			);
			name = Main.storyboard;
			sourceTree = "<group>";
		};
/* End PBXVariantGroup section */

/* Begin XCBuildConfiguration section */
		09B82A56198609B100C070AD /* Debug */ = {
			isa = XCBuildConfiguration;
			buildSettings = {
				ALWAYS_SEARCH_USER_PATHS = NO;
				CLANG_CXX_LANGUAGE_STANDARD = "gnu++0x";
				CLANG_CXX_LIBRARY = "libc++";
				CLANG_ENABLE_MODULES = YES;
				CLANG_ENABLE_OBJC_ARC = YES;
				CLANG_WARN_BOOL_CONVERSION = YES;
				CLANG_WARN_CONSTANT_CONVERSION = YES;
				CLANG_WARN_DIRECT_OBJC_ISA_USAGE = YES_ERROR;
				CLANG_WARN_EMPTY_BODY = YES;
				CLANG_WARN_ENUM_CONVERSION = YES;
				CLANG_WARN_INT_CONVERSION = YES;
				CLANG_WARN_OBJC_ROOT_CLASS = YES_ERROR;
				CLANG_WARN_UNREACHABLE_CODE = YES;
				CLANG_WARN__DUPLICATE_METHOD_MATCH = YES;
				"CODE_SIGN_IDENTITY[sdk=iphoneos*]" = "iPhone Developer";
				COPY_PHASE_STRIP = NO;
				ENABLE_STRICT_OBJC_MSGSEND = YES;
				GCC_C_LANGUAGE_STANDARD = gnu99;
				GCC_DYNAMIC_NO_PIC = NO;
				GCC_OPTIMIZATION_LEVEL = 0;
				GCC_PREPROCESSOR_DEFINITIONS = (
					"DEBUG=1",
					"$(inherited)",
				);
				GCC_SYMBOLS_PRIVATE_EXTERN = NO;
				GCC_WARN_64_TO_32_BIT_CONVERSION = YES;
				GCC_WARN_ABOUT_RETURN_TYPE = YES_ERROR;
				GCC_WARN_UNDECLARED_SELECTOR = YES;
				GCC_WARN_UNINITIALIZED_AUTOS = YES_AGGRESSIVE;
				GCC_WARN_UNUSED_FUNCTION = YES;
				GCC_WARN_UNUSED_VARIABLE = YES;
				IPHONEOS_DEPLOYMENT_TARGET = 8.0;
				MTL_ENABLE_DEBUG_INFO = YES;
				ONLY_ACTIVE_ARCH = YES;
				SDKROOT = iphoneos;
				SWIFT_OPTIMIZATION_LEVEL = "-Onone";
			};
			name = Debug;
		};
		09B82A57198609B100C070AD /* Release */ = {
			isa = XCBuildConfiguration;
			buildSettings = {
				ALWAYS_SEARCH_USER_PATHS = NO;
				CLANG_CXX_LANGUAGE_STANDARD = "gnu++0x";
				CLANG_CXX_LIBRARY = "libc++";
				CLANG_ENABLE_MODULES = YES;
				CLANG_ENABLE_OBJC_ARC = YES;
				CLANG_WARN_BOOL_CONVERSION = YES;
				CLANG_WARN_CONSTANT_CONVERSION = YES;
				CLANG_WARN_DIRECT_OBJC_ISA_USAGE = YES_ERROR;
				CLANG_WARN_EMPTY_BODY = YES;
				CLANG_WARN_ENUM_CONVERSION = YES;
				CLANG_WARN_INT_CONVERSION = YES;
				CLANG_WARN_OBJC_ROOT_CLASS = YES_ERROR;
				CLANG_WARN_UNREACHABLE_CODE = YES;
				CLANG_WARN__DUPLICATE_METHOD_MATCH = YES;
				"CODE_SIGN_IDENTITY[sdk=iphoneos*]" = "iPhone Developer";
				COPY_PHASE_STRIP = YES;
				ENABLE_NS_ASSERTIONS = NO;
				ENABLE_STRICT_OBJC_MSGSEND = YES;
				GCC_C_LANGUAGE_STANDARD = gnu99;
				GCC_WARN_64_TO_32_BIT_CONVERSION = YES;
				GCC_WARN_ABOUT_RETURN_TYPE = YES_ERROR;
				GCC_WARN_UNDECLARED_SELECTOR = YES;
				GCC_WARN_UNINITIALIZED_AUTOS = YES_AGGRESSIVE;
				GCC_WARN_UNUSED_FUNCTION = YES;
				GCC_WARN_UNUSED_VARIABLE = YES;
				IPHONEOS_DEPLOYMENT_TARGET = 8.0;
				MTL_ENABLE_DEBUG_INFO = NO;
				SDKROOT = iphoneos;
				VALIDATE_PRODUCT = YES;
			};
			name = Release;
		};
		09B82A59198609B100C070AD /* Debug */ = {
			isa = XCBuildConfiguration;
			buildSettings = {
				ASSETCATALOG_COMPILER_APPICON_NAME = AppIcon;
				ASSETCATALOG_COMPILER_LAUNCHIMAGE_NAME = LaunchImage;
				INFOPLIST_FILE = wb/Info.plist;
				LD_RUNPATH_SEARCH_PATHS = "$(inherited) @executable_path/Frameworks";
				PRODUCT_NAME = "$(TARGET_NAME)";
			};
			name = Debug;
		};
		09B82A5A198609B100C070AD /* Release */ = {
			isa = XCBuildConfiguration;
			buildSettings = {
				ASSETCATALOG_COMPILER_APPICON_NAME = AppIcon;
				ASSETCATALOG_COMPILER_LAUNCHIMAGE_NAME = LaunchImage;
				INFOPLIST_FILE = wb/Info.plist;
				LD_RUNPATH_SEARCH_PATHS = "$(inherited) @executable_path/Frameworks";
				PRODUCT_NAME = "$(TARGET_NAME)";
			};
			name = Release;
		};
		09B82A5C198609B100C070AD /* Debug */ = {
			isa = XCBuildConfiguration;
			buildSettings = {
				BUNDLE_LOADER = "$(BUILT_PRODUCTS_DIR)/wb.app/wb";
				FRAMEWORK_SEARCH_PATHS = (
					"$(SDKROOT)/Developer/Library/Frameworks",
					"$(inherited)",
				);
				GCC_PREPROCESSOR_DEFINITIONS = (
					"DEBUG=1",
					"$(inherited)",
				);
				INFOPLIST_FILE = wbTests/Info.plist;
				LD_RUNPATH_SEARCH_PATHS = "$(inherited) @executable_path/Frameworks @loader_path/Frameworks";
				PRODUCT_NAME = "$(TARGET_NAME)";
				TEST_HOST = "$(BUNDLE_LOADER)";
			};
			name = Debug;
		};
		09B82A5D198609B100C070AD /* Release */ = {
			isa = XCBuildConfiguration;
			buildSettings = {
				BUNDLE_LOADER = "$(BUILT_PRODUCTS_DIR)/wb.app/wb";
				FRAMEWORK_SEARCH_PATHS = (
					"$(SDKROOT)/Developer/Library/Frameworks",
					"$(inherited)",
				);
				INFOPLIST_FILE = wbTests/Info.plist;
				LD_RUNPATH_SEARCH_PATHS = "$(inherited) @executable_path/Frameworks @loader_path/Frameworks";
				PRODUCT_NAME = "$(TARGET_NAME)";
				TEST_HOST = "$(BUNDLE_LOADER)";
			};
			name = Release;
		};
/* End XCBuildConfiguration section */

/* Begin XCConfigurationList section */
		09B82A37198609B000C070AD /* Build configuration list for PBXProject "wb" */ = {
			isa = XCConfigurationList;
			buildConfigurations = (
				09B82A56198609B100C070AD /* Debug */,
				09B82A57198609B100C070AD /* Release */,
			);
			defaultConfigurationIsVisible = 0;
			defaultConfigurationName = Release;
		};
		09B82A58198609B100C070AD /* Build configuration list for PBXNativeTarget "wb" */ = {
			isa = XCConfigurationList;
			buildConfigurations = (
				09B82A59198609B100C070AD /* Debug */,
				09B82A5A198609B100C070AD /* Release */,
			);
			defaultConfigurationIsVisible = 0;
		};
		09B82A5B198609B100C070AD /* Build configuration list for PBXNativeTarget "wbTests" */ = {
			isa = XCConfigurationList;
			buildConfigurations = (
				09B82A5C198609B100C070AD /* Debug */,
				09B82A5D198609B100C070AD /* Release */,
			);
			defaultConfigurationIsVisible = 0;
		};
/* End XCConfigurationList section */
	};
	rootObject = 09B82A34198609B000C070AD /* Project object */;
}
