// !$*UTF8*$!
{
	archiveVersion = 1;
	classes = {
	};
	objectVersion = 46;
	objects = {

/* Begin PBXBuildFile section */
		09B82A42198609B100C070AD /* AppDelegate.swift in Sources */ = {isa = PBXBuildFile; fileRef = 09B82A41198609B100C070AD /* AppDelegate.swift */; };
		09B82A44198609B100C070AD /* ViewController.swift in Sources */ = {isa = PBXBuildFile; fileRef = 09B82A43198609B100C070AD /* ViewController.swift */; };
		09B82A49198609B100C070AD /* Images.xcassets in Resources */ = {isa = PBXBuildFile; fileRef = 09B82A48198609B100C070AD /* Images.xcassets */; };
		09B82A55198609B100C070AD /* wbTests.swift in Sources */ = {isa = PBXBuildFile; fileRef = 09B82A54198609B100C070AD /* wbTests.swift */; };
		09B82B251986109200C070AD /* avatar_default_big.png in Resources */ = {isa = PBXBuildFile; fileRef = 09B82AE31986109200C070AD /* avatar_default_big.png */; };
		09B82B261986109200C070AD /* avatar_default_big@2x.png in Resources */ = {isa = PBXBuildFile; fileRef = 09B82AE41986109200C070AD /* avatar_default_big@2x.png */; };
		09B82B271986109200C070AD /* avatar_default_small.png in Resources */ = {isa = PBXBuildFile; fileRef = 09B82AE51986109200C070AD /* avatar_default_small.png */; };
		09B82B281986109200C070AD /* avatar_default_small@2x.png in Resources */ = {isa = PBXBuildFile; fileRef = 09B82AE61986109200C070AD /* avatar_default_small@2x.png */; };
		09B82B291986109200C070AD /* avatar_default.png in Resources */ = {isa = PBXBuildFile; fileRef = 09B82AE71986109200C070AD /* avatar_default.png */; };
		09B82B2A1986109200C070AD /* avatar_default@2x.png in Resources */ = {isa = PBXBuildFile; fileRef = 09B82AE81986109200C070AD /* avatar_default@2x.png */; };
		09B82B2B1986109200C070AD /* avatar_enterprise_vip_highlighted.png in Resources */ = {isa = PBXBuildFile; fileRef = 09B82AE91986109200C070AD /* avatar_enterprise_vip_highlighted.png */; };
		09B82B2C1986109200C070AD /* avatar_enterprise_vip_highlighted@2x.png in Resources */ = {isa = PBXBuildFile; fileRef = 09B82AEA1986109200C070AD /* avatar_enterprise_vip_highlighted@2x.png */; };
		09B82B2D1986109200C070AD /* avatar_enterprise_vip.png in Resources */ = {isa = PBXBuildFile; fileRef = 09B82AEB1986109200C070AD /* avatar_enterprise_vip.png */; };
		09B82B2E1986109200C070AD /* avatar_enterprise_vip@2x.png in Resources */ = {isa = PBXBuildFile; fileRef = 09B82AEC1986109200C070AD /* avatar_enterprise_vip@2x.png */; };
		09B82B2F1986109200C070AD /* avatar_grassroot_highlighted.png in Resources */ = {isa = PBXBuildFile; fileRef = 09B82AED1986109200C070AD /* avatar_grassroot_highlighted.png */; };
		09B82B301986109200C070AD /* avatar_grassroot_highlighted@2x.png in Resources */ = {isa = PBXBuildFile; fileRef = 09B82AEE1986109200C070AD /* avatar_grassroot_highlighted@2x.png */; };
		09B82B311986109200C070AD /* avatar_grassroot.png in Resources */ = {isa = PBXBuildFile; fileRef = 09B82AEF1986109200C070AD /* avatar_grassroot.png */; };
		09B82B321986109200C070AD /* avatar_grassroot@2x.png in Resources */ = {isa = PBXBuildFile; fileRef = 09B82AF01986109200C070AD /* avatar_grassroot@2x.png */; };
		09B82B331986109200C070AD /* avatar_vgirl.png in Resources */ = {isa = PBXBuildFile; fileRef = 09B82AF11986109200C070AD /* avatar_vgirl.png */; };
		09B82B341986109200C070AD /* avatar_vgirl@2x.png in Resources */ = {isa = PBXBuildFile; fileRef = 09B82AF21986109200C070AD /* avatar_vgirl@2x.png */; };
		09B82B351986109200C070AD /* avatar_vip_highlighted.png in Resources */ = {isa = PBXBuildFile; fileRef = 09B82AF31986109200C070AD /* avatar_vip_highlighted.png */; };
		09B82B361986109200C070AD /* avatar_vip_highlighted@2x.png in Resources */ = {isa = PBXBuildFile; fileRef = 09B82AF41986109200C070AD /* avatar_vip_highlighted@2x.png */; };
		09B82B371986109200C070AD /* avatar_vip.png in Resources */ = {isa = PBXBuildFile; fileRef = 09B82AF51986109200C070AD /* avatar_vip.png */; };
		09B82B381986109200C070AD /* avatar_vip@2x.png in Resources */ = {isa = PBXBuildFile; fileRef = 09B82AF61986109200C070AD /* avatar_vip@2x.png */; };
		09B82B391986109200C070AD /* common_button_red_highlighted@2x.png in Resources */ = {isa = PBXBuildFile; fileRef = 09B82AF71986109200C070AD /* common_button_red_highlighted@2x.png */; };
		09B82B3A1986109200C070AD /* common_button_red@2x.png in Resources */ = {isa = PBXBuildFile; fileRef = 09B82AF81986109200C070AD /* common_button_red@2x.png */; };
		09B82B3B1986109200C070AD /* common_card_background_highlighted@2x.png in Resources */ = {isa = PBXBuildFile; fileRef = 09B82AF91986109200C070AD /* common_card_background_highlighted@2x.png */; };
		09B82B3C1986109200C070AD /* common_card_background@2x.png in Resources */ = {isa = PBXBuildFile; fileRef = 09B82AFA1986109200C070AD /* common_card_background@2x.png */; };
		09B82B3D1986109200C070AD /* common_card_bottom_background_highlighted@2x.png in Resources */ = {isa = PBXBuildFile; fileRef = 09B82AFB1986109200C070AD /* common_card_bottom_background_highlighted@2x.png */; };
		09B82B3E1986109200C070AD /* common_card_bottom_background@2x.png in Resources */ = {isa = PBXBuildFile; fileRef = 09B82AFC1986109200C070AD /* common_card_bottom_background@2x.png */; };
		09B82B3F1986109200C070AD /* common_card_middle_background_highlighted@2x.png in Resources */ = {isa = PBXBuildFile; fileRef = 09B82AFD1986109200C070AD /* common_card_middle_background_highlighted@2x.png */; };
		09B82B401986109200C070AD /* common_card_middle_background@2x.png in Resources */ = {isa = PBXBuildFile; fileRef = 09B82AFE1986109200C070AD /* common_card_middle_background@2x.png */; };
		09B82B411986109200C070AD /* common_card_top_background_highlighted@2x.png in Resources */ = {isa = PBXBuildFile; fileRef = 09B82AFF1986109200C070AD /* common_card_top_background_highlighted@2x.png */; };
		09B82B421986109200C070AD /* common_card_top_background@2x.png in Resources */ = {isa = PBXBuildFile; fileRef = 09B82B001986109200C070AD /* common_card_top_background@2x.png */; };
		09B82B431986109200C070AD /* common_icon_membership_level1@2x.png in Resources */ = {isa = PBXBuildFile; fileRef = 09B82B011986109200C070AD /* common_icon_membership_level1@2x.png */; };
		09B82B441986109200C070AD /* common_icon_membership_level2@2x.png in Resources */ = {isa = PBXBuildFile; fileRef = 09B82B021986109200C070AD /* common_icon_membership_level2@2x.png */; };
		09B82B451986109200C070AD /* common_icon_membership_level3@2x.png in Resources */ = {isa = PBXBuildFile; fileRef = 09B82B031986109200C070AD /* common_icon_membership_level3@2x.png */; };
		09B82B461986109200C070AD /* common_icon_membership_level4@2x.png in Resources */ = {isa = PBXBuildFile; fileRef = 09B82B041986109200C070AD /* common_icon_membership_level4@2x.png */; };
		09B82B471986109200C070AD /* common_icon_membership_level5@2x.png in Resources */ = {isa = PBXBuildFile; fileRef = 09B82B051986109200C070AD /* common_icon_membership_level5@2x.png */; };
		09B82B481986109200C070AD /* common_icon_membership_level6@2x.png in Resources */ = {isa = PBXBuildFile; fileRef = 09B82B061986109200C070AD /* common_icon_membership_level6@2x.png */; };
		09B82B491986109200C070AD /* common_icon_membership@2x.png in Resources */ = {isa = PBXBuildFile; fileRef = 09B82B071986109200C070AD /* common_icon_membership@2x.png */; };
		09B82B4A1986109200C070AD /* Default-568h@2x.png in Resources */ = {isa = PBXBuildFile; fileRef = 09B82B081986109200C070AD /* Default-568h@2x.png */; };
		09B82B4B1986109200C070AD /* Default@2x.png in Resources */ = {isa = PBXBuildFile; fileRef = 09B82B091986109200C070AD /* Default@2x.png */; };
		09B82B4C1986109200C070AD /* icon@2x.png in Resources */ = {isa = PBXBuildFile; fileRef = 09B82B0A1986109200C070AD /* icon@2x.png */; };
		09B82B4D1986109200C070AD /* messagescenter_at@2x.png in Resources */ = {isa = PBXBuildFile; fileRef = 09B82B0B1986109200C070AD /* messagescenter_at@2x.png */; };
		09B82B4E1986109200C070AD /* messagescenter_comments@2x.png in Resources */ = {isa = PBXBuildFile; fileRef = 09B82B0C1986109200C070AD /* messagescenter_comments@2x.png */; };
		09B82B4F1986109200C070AD /* navigationbar_compose_highlighted@2x.png in Resources */ = {isa = PBXBuildFile; fileRef = 09B82B0D1986109200C070AD /* navigationbar_compose_highlighted@2x.png */; };
		09B82B501986109200C070AD /* navigationbar_compose@2x.png in Resources */ = {isa = PBXBuildFile; fileRef = 09B82B0E1986109200C070AD /* navigationbar_compose@2x.png */; };
		09B82B511986109200C070AD /* navigationbar_pop_highlighted@2x.png in Resources */ = {isa = PBXBuildFile; fileRef = 09B82B0F1986109200C070AD /* navigationbar_pop_highlighted@2x.png */; };
		09B82B521986109200C070AD /* navigationbar_pop@2x.png in Resources */ = {isa = PBXBuildFile; fileRef = 09B82B101986109200C070AD /* navigationbar_pop@2x.png */; };
		09B82B531986109200C070AD /* new_feature_1@2x.png in Resources */ = {isa = PBXBuildFile; fileRef = 09B82B111986109200C070AD /* new_feature_1@2x.png */; };
		09B82B541986109200C070AD /* new_feature_2@2x.png in Resources */ = {isa = PBXBuildFile; fileRef = 09B82B121986109200C070AD /* new_feature_2@2x.png */; };
		09B82B551986109200C070AD /* new_feature_3@2x.png in Resources */ = {isa = PBXBuildFile; fileRef = 09B82B131986109200C070AD /* new_feature_3@2x.png */; };
		09B82B561986109200C070AD /* new_feature_background@2x.png in Resources */ = {isa = PBXBuildFile; fileRef = 09B82B141986109200C070AD /* new_feature_background@2x.png */; };
		09B82B571986109200C070AD /* new_feature_finish_button_highlighted@2x.png in Resources */ = {isa = PBXBuildFile; fileRef = 09B82B151986109200C070AD /* new_feature_finish_button_highlighted@2x.png */; };
		09B82B581986109200C070AD /* new_feature_finish_button@2x.png in Resources */ = {isa = PBXBuildFile; fileRef = 09B82B161986109200C070AD /* new_feature_finish_button@2x.png */; };
		09B82B591986109200C070AD /* new_feature_share_false@2x.png in Resources */ = {isa = PBXBuildFile; fileRef = 09B82B171986109200C070AD /* new_feature_share_false@2x.png */; };
		09B82B5A1986109200C070AD /* new_feature_share_true@2x.png in Resources */ = {isa = PBXBuildFile; fileRef = 09B82B181986109200C070AD /* new_feature_share_true@2x.png */; };
		09B82B5B1986109200C070AD /* statusdetail_comment_icon_like@2x.png in Resources */ = {isa = PBXBuildFile; fileRef = 09B82B191986109200C070AD /* statusdetail_comment_icon_like@2x.png */; };
		09B82B5C1986109200C070AD /* statusdetail_icon_comment@2x.png in Resources */ = {isa = PBXBuildFile; fileRef = 09B82B1A1986109200C070AD /* statusdetail_icon_comment@2x.png */; };
		09B82B5D1986109200C070AD /* statusdetail_icon_retweet@2x.png in Resources */ = {isa = PBXBuildFile; fileRef = 09B82B1B1986109200C070AD /* statusdetail_icon_retweet@2x.png */; };
		09B82B5E1986109200C070AD /* tabbar_background@2x.png in Resources */ = {isa = PBXBuildFile; fileRef = 09B82B1C1986109200C070AD /* tabbar_background@2x.png */; };
		09B82B5F1986109200C070AD /* tabbar_discover@2x.png in Resources */ = {isa = PBXBuildFile; fileRef = 09B82B1D1986109200C070AD /* tabbar_discover@2x.png */; };
		09B82B601986109200C070AD /* tabbar_home@2x.png in Resources */ = {isa = PBXBuildFile; fileRef = 09B82B1E1986109200C070AD /* tabbar_home@2x.png */; };
		09B82B611986109200C070AD /* tabbar_message_center@2x.png in Resources */ = {isa = PBXBuildFile; fileRef = 09B82B1F1986109200C070AD /* tabbar_message_center@2x.png */; };
		09B82B621986109200C070AD /* tabbar_profile@2x.png in Resources */ = {isa = PBXBuildFile; fileRef = 09B82B201986109200C070AD /* tabbar_profile@2x.png */; };
		09B82B631986109200C070AD /* timeline_group_visible_button_background.png in Resources */ = {isa = PBXBuildFile; fileRef = 09B82B211986109200C070AD /* timeline_group_visible_button_background.png */; };
		09B82B641986109200C070AD /* timeline_group_visible_button_background@2x.png in Resources */ = {isa = PBXBuildFile; fileRef = 09B82B221986109200C070AD /* timeline_group_visible_button_background@2x.png */; };
		09B82B651986109200C070AD /* timeline_image_gif@2x.png in Resources */ = {isa = PBXBuildFile; fileRef = 09B82B231986109200C070AD /* timeline_image_gif@2x.png */; };
		09B82B661986109200C070AD /* timeline_retweet_background@2x.png in Resources */ = {isa = PBXBuildFile; fileRef = 09B82B241986109200C070AD /* timeline_retweet_background@2x.png */; };
		09B82B6819861BD200C070AD /* LvUITabBarController.swift in Sources */ = {isa = PBXBuildFile; fileRef = 09B82B6719861BD200C070AD /* LvUITabBarController.swift */; };
		09B82B6A19861C2D00C070AD /* LvHomeTableViewController.swift in Sources */ = {isa = PBXBuildFile; fileRef = 09B82B6919861C2D00C070AD /* LvHomeTableViewController.swift */; };
		09B82B6C19861C3A00C070AD /* LvMessageTableViewController.swift in Sources */ = {isa = PBXBuildFile; fileRef = 09B82B6B19861C3A00C070AD /* LvMessageTableViewController.swift */; };
/* End PBXBuildFile section */

/* Begin PBXContainerItemProxy section */
		09B82A4F198609B100C070AD /* PBXContainerItemProxy */ = {
			isa = PBXContainerItemProxy;
			containerPortal = 09B82A34198609B000C070AD /* Project object */;
			proxyType = 1;
			remoteGlobalIDString = 09B82A3B198609B100C070AD;
			remoteInfo = wb;
		};
/* End PBXContainerItemProxy section */

/* Begin PBXFileReference section */
		09B82A3C198609B100C070AD /* wb.app */ = {isa = PBXFileReference; explicitFileType = wrapper.application; includeInIndex = 0; path = wb.app; sourceTree = BUILT_PRODUCTS_DIR; };
		09B82A40198609B100C070AD /* Info.plist */ = {isa = PBXFileReference; lastKnownFileType = text.plist.xml; path = Info.plist; sourceTree = "<group>"; };
		09B82A41198609B100C070AD /* AppDelegate.swift */ = {isa = PBXFileReference; lastKnownFileType = sourcecode.swift; path = AppDelegate.swift; sourceTree = "<group>"; };
		09B82A43198609B100C070AD /* ViewController.swift */ = {isa = PBXFileReference; lastKnownFileType = sourcecode.swift; path = ViewController.swift; sourceTree = "<group>"; };
		09B82A48198609B100C070AD /* Images.xcassets */ = {isa = PBXFileReference; lastKnownFileType = folder.assetcatalog; path = Images.xcassets; sourceTree = "<group>"; };
		09B82A4E198609B100C070AD /* wbTests.xctest */ = {isa = PBXFileReference; explicitFileType = wrapper.cfbundle; includeInIndex = 0; path = wbTests.xctest; sourceTree = BUILT_PRODUCTS_DIR; };
		09B82A53198609B100C070AD /* Info.plist */ = {isa = PBXFileReference; lastKnownFileType = text.plist.xml; path = Info.plist; sourceTree = "<group>"; };
		09B82A54198609B100C070AD /* wbTests.swift */ = {isa = PBXFileReference; lastKnownFileType = sourcecode.swift; path = wbTests.swift; sourceTree = "<group>"; };
		09B82AE31986109200C070AD /* avatar_default_big.png */ = {isa = PBXFileReference; lastKnownFileType = image.png; name = avatar_default_big.png; path = images/avatar_default_big.png; sourceTree = SOURCE_ROOT; };
		09B82AE41986109200C070AD /* avatar_default_big@2x.png */ = {isa = PBXFileReference; lastKnownFileType = image.png; name = "avatar_default_big@2x.png"; path = "images/avatar_default_big@2x.png"; sourceTree = SOURCE_ROOT; };
		09B82AE51986109200C070AD /* avatar_default_small.png */ = {isa = PBXFileReference; lastKnownFileType = image.png; name = avatar_default_small.png; path = images/avatar_default_small.png; sourceTree = SOURCE_ROOT; };
		09B82AE61986109200C070AD /* avatar_default_small@2x.png */ = {isa = PBXFileReference; lastKnownFileType = image.png; name = "avatar_default_small@2x.png"; path = "images/avatar_default_small@2x.png"; sourceTree = SOURCE_ROOT; };
		09B82AE71986109200C070AD /* avatar_default.png */ = {isa = PBXFileReference; lastKnownFileType = image.png; name = avatar_default.png; path = images/avatar_default.png; sourceTree = SOURCE_ROOT; };
		09B82AE81986109200C070AD /* avatar_default@2x.png */ = {isa = PBXFileReference; lastKnownFileType = image.png; name = "avatar_default@2x.png"; path = "images/avatar_default@2x.png"; sourceTree = SOURCE_ROOT; };
		09B82AE91986109200C070AD /* avatar_enterprise_vip_highlighted.png */ = {isa = PBXFileReference; lastKnownFileType = image.png; name = avatar_enterprise_vip_highlighted.png; path = images/avatar_enterprise_vip_highlighted.png; sourceTree = SOURCE_ROOT; };
		09B82AEA1986109200C070AD /* avatar_enterprise_vip_highlighted@2x.png */ = {isa = PBXFileReference; lastKnownFileType = image.png; name = "avatar_enterprise_vip_highlighted@2x.png"; path = "images/avatar_enterprise_vip_highlighted@2x.png"; sourceTree = SOURCE_ROOT; };
		09B82AEB1986109200C070AD /* avatar_enterprise_vip.png */ = {isa = PBXFileReference; lastKnownFileType = image.png; name = avatar_enterprise_vip.png; path = images/avatar_enterprise_vip.png; sourceTree = SOURCE_ROOT; };
		09B82AEC1986109200C070AD /* avatar_enterprise_vip@2x.png */ = {isa = PBXFileReference; lastKnownFileType = image.png; name = "avatar_enterprise_vip@2x.png"; path = "images/avatar_enterprise_vip@2x.png"; sourceTree = SOURCE_ROOT; };
		09B82AED1986109200C070AD /* avatar_grassroot_highlighted.png */ = {isa = PBXFileReference; lastKnownFileType = image.png; name = avatar_grassroot_highlighted.png; path = images/avatar_grassroot_highlighted.png; sourceTree = SOURCE_ROOT; };
		09B82AEE1986109200C070AD /* avatar_grassroot_highlighted@2x.png */ = {isa = PBXFileReference; lastKnownFileType = image.png; name = "avatar_grassroot_highlighted@2x.png"; path = "images/avatar_grassroot_highlighted@2x.png"; sourceTree = SOURCE_ROOT; };
		09B82AEF1986109200C070AD /* avatar_grassroot.png */ = {isa = PBXFileReference; lastKnownFileType = image.png; name = avatar_grassroot.png; path = images/avatar_grassroot.png; sourceTree = SOURCE_ROOT; };
		09B82AF01986109200C070AD /* avatar_grassroot@2x.png */ = {isa = PBXFileReference; lastKnownFileType = image.png; name = "avatar_grassroot@2x.png"; path = "images/avatar_grassroot@2x.png"; sourceTree = SOURCE_ROOT; };
		09B82AF11986109200C070AD /* avatar_vgirl.png */ = {isa = PBXFileReference; lastKnownFileType = image.png; name = avatar_vgirl.png; path = images/avatar_vgirl.png; sourceTree = SOURCE_ROOT; };
		09B82AF21986109200C070AD /* avatar_vgirl@2x.png */ = {isa = PBXFileReference; lastKnownFileType = image.png; name = "avatar_vgirl@2x.png"; path = "images/avatar_vgirl@2x.png"; sourceTree = SOURCE_ROOT; };
		09B82AF31986109200C070AD /* avatar_vip_highlighted.png */ = {isa = PBXFileReference; lastKnownFileType = image.png; name = avatar_vip_highlighted.png; path = images/avatar_vip_highlighted.png; sourceTree = SOURCE_ROOT; };
		09B82AF41986109200C070AD /* avatar_vip_highlighted@2x.png */ = {isa = PBXFileReference; lastKnownFileType = image.png; name = "avatar_vip_highlighted@2x.png"; path = "images/avatar_vip_highlighted@2x.png"; sourceTree = SOURCE_ROOT; };
		09B82AF51986109200C070AD /* avatar_vip.png */ = {isa = PBXFileReference; lastKnownFileType = image.png; name = avatar_vip.png; path = images/avatar_vip.png; sourceTree = SOURCE_ROOT; };
		09B82AF61986109200C070AD /* avatar_vip@2x.png */ = {isa = PBXFileReference; lastKnownFileType = image.png; name = "avatar_vip@2x.png"; path = "images/avatar_vip@2x.png"; sourceTree = SOURCE_ROOT; };
		09B82AF71986109200C070AD /* common_button_red_highlighted@2x.png */ = {isa = PBXFileReference; lastKnownFileType = image.png; name = "common_button_red_highlighted@2x.png"; path = "images/common_button_red_highlighted@2x.png"; sourceTree = SOURCE_ROOT; };
		09B82AF81986109200C070AD /* common_button_red@2x.png */ = {isa = PBXFileReference; lastKnownFileType = image.png; name = "common_button_red@2x.png"; path = "images/common_button_red@2x.png"; sourceTree = SOURCE_ROOT; };
		09B82AF91986109200C070AD /* common_card_background_highlighted@2x.png */ = {isa = PBXFileReference; lastKnownFileType = image.png; name = "common_card_background_highlighted@2x.png"; path = "images/common_card_background_highlighted@2x.png"; sourceTree = SOURCE_ROOT; };
		09B82AFA1986109200C070AD /* common_card_background@2x.png */ = {isa = PBXFileReference; lastKnownFileType = image.png; name = "common_card_background@2x.png"; path = "images/common_card_background@2x.png"; sourceTree = SOURCE_ROOT; };
		09B82AFB1986109200C070AD /* common_card_bottom_background_highlighted@2x.png */ = {isa = PBXFileReference; lastKnownFileType = image.png; name = "common_card_bottom_background_highlighted@2x.png"; path = "images/common_card_bottom_background_highlighted@2x.png"; sourceTree = SOURCE_ROOT; };
		09B82AFC1986109200C070AD /* common_card_bottom_background@2x.png */ = {isa = PBXFileReference; lastKnownFileType = image.png; name = "common_card_bottom_background@2x.png"; path = "images/common_card_bottom_background@2x.png"; sourceTree = SOURCE_ROOT; };
		09B82AFD1986109200C070AD /* common_card_middle_background_highlighted@2x.png */ = {isa = PBXFileReference; lastKnownFileType = image.png; name = "common_card_middle_background_highlighted@2x.png"; path = "images/common_card_middle_background_highlighted@2x.png"; sourceTree = SOURCE_ROOT; };
		09B82AFE1986109200C070AD /* common_card_middle_background@2x.png */ = {isa = PBXFileReference; lastKnownFileType = image.png; name = "common_card_middle_background@2x.png"; path = "images/common_card_middle_background@2x.png"; sourceTree = SOURCE_ROOT; };
		09B82AFF1986109200C070AD /* common_card_top_background_highlighted@2x.png */ = {isa = PBXFileReference; lastKnownFileType = image.png; name = "common_card_top_background_highlighted@2x.png"; path = "images/common_card_top_background_highlighted@2x.png"; sourceTree = SOURCE_ROOT; };
		09B82B001986109200C070AD /* common_card_top_background@2x.png */ = {isa = PBXFileReference; lastKnownFileType = image.png; name = "common_card_top_background@2x.png"; path = "images/common_card_top_background@2x.png"; sourceTree = SOURCE_ROOT; };
		09B82B011986109200C070AD /* common_icon_membership_level1@2x.png */ = {isa = PBXFileReference; lastKnownFileType = image.png; name = "common_icon_membership_level1@2x.png"; path = "images/common_icon_membership_level1@2x.png"; sourceTree = SOURCE_ROOT; };
		09B82B021986109200C070AD /* common_icon_membership_level2@2x.png */ = {isa = PBXFileReference; lastKnownFileType = image.png; name = "common_icon_membership_level2@2x.png"; path = "images/common_icon_membership_level2@2x.png"; sourceTree = SOURCE_ROOT; };
		09B82B031986109200C070AD /* common_icon_membership_level3@2x.png */ = {isa = PBXFileReference; lastKnownFileType = image.png; name = "common_icon_membership_level3@2x.png"; path = "images/common_icon_membership_level3@2x.png"; sourceTree = SOURCE_ROOT; };
		09B82B041986109200C070AD /* common_icon_membership_level4@2x.png */ = {isa = PBXFileReference; lastKnownFileType = image.png; name = "common_icon_membership_level4@2x.png"; path = "images/common_icon_membership_level4@2x.png"; sourceTree = SOURCE_ROOT; };
		09B82B051986109200C070AD /* common_icon_membership_level5@2x.png */ = {isa = PBXFileReference; lastKnownFileType = image.png; name = "common_icon_membership_level5@2x.png"; path = "images/common_icon_membership_level5@2x.png"; sourceTree = SOURCE_ROOT; };
		09B82B061986109200C070AD /* common_icon_membership_level6@2x.png */ = {isa = PBXFileReference; lastKnownFileType = image.png; name = "common_icon_membership_level6@2x.png"; path = "images/common_icon_membership_level6@2x.png"; sourceTree = SOURCE_ROOT; };
		09B82B071986109200C070AD /* common_icon_membership@2x.png */ = {isa = PBXFileReference; lastKnownFileType = image.png; name = "common_icon_membership@2x.png"; path = "images/common_icon_membership@2x.png"; sourceTree = SOURCE_ROOT; };
		09B82B081986109200C070AD /* Default-568h@2x.png */ = {isa = PBXFileReference; lastKnownFileType = image.png; name = "Default-568h@2x.png"; path = "images/Default-568h@2x.png"; sourceTree = SOURCE_ROOT; };
		09B82B091986109200C070AD /* Default@2x.png */ = {isa = PBXFileReference; lastKnownFileType = image.png; name = "Default@2x.png"; path = "images/Default@2x.png"; sourceTree = SOURCE_ROOT; };
		09B82B0A1986109200C070AD /* icon@2x.png */ = {isa = PBXFileReference; lastKnownFileType = image.png; name = "icon@2x.png"; path = "images/icon@2x.png"; sourceTree = SOURCE_ROOT; };
		09B82B0B1986109200C070AD /* messagescenter_at@2x.png */ = {isa = PBXFileReference; lastKnownFileType = image.png; name = "messagescenter_at@2x.png"; path = "images/messagescenter_at@2x.png"; sourceTree = SOURCE_ROOT; };
		09B82B0C1986109200C070AD /* messagescenter_comments@2x.png */ = {isa = PBXFileReference; lastKnownFileType = image.png; name = "messagescenter_comments@2x.png"; path = "images/messagescenter_comments@2x.png"; sourceTree = SOURCE_ROOT; };
		09B82B0D1986109200C070AD /* navigationbar_compose_highlighted@2x.png */ = {isa = PBXFileReference; lastKnownFileType = image.png; name = "navigationbar_compose_highlighted@2x.png"; path = "images/navigationbar_compose_highlighted@2x.png"; sourceTree = SOURCE_ROOT; };
		09B82B0E1986109200C070AD /* navigationbar_compose@2x.png */ = {isa = PBXFileReference; lastKnownFileType = image.png; name = "navigationbar_compose@2x.png"; path = "images/navigationbar_compose@2x.png"; sourceTree = SOURCE_ROOT; };
		09B82B0F1986109200C070AD /* navigationbar_pop_highlighted@2x.png */ = {isa = PBXFileReference; lastKnownFileType = image.png; name = "navigationbar_pop_highlighted@2x.png"; path = "images/navigationbar_pop_highlighted@2x.png"; sourceTree = SOURCE_ROOT; };
		09B82B101986109200C070AD /* navigationbar_pop@2x.png */ = {isa = PBXFileReference; lastKnownFileType = image.png; name = "navigationbar_pop@2x.png"; path = "images/navigationbar_pop@2x.png"; sourceTree = SOURCE_ROOT; };
		09B82B111986109200C070AD /* new_feature_1@2x.png */ = {isa = PBXFileReference; lastKnownFileType = image.png; name = "new_feature_1@2x.png"; path = "images/new_feature_1@2x.png"; sourceTree = SOURCE_ROOT; };
		09B82B121986109200C070AD /* new_feature_2@2x.png */ = {isa = PBXFileReference; lastKnownFileType = image.png; name = "new_feature_2@2x.png"; path = "images/new_feature_2@2x.png"; sourceTree = SOURCE_ROOT; };
		09B82B131986109200C070AD /* new_feature_3@2x.png */ = {isa = PBXFileReference; lastKnownFileType = image.png; name = "new_feature_3@2x.png"; path = "images/new_feature_3@2x.png"; sourceTree = SOURCE_ROOT; };
		09B82B141986109200C070AD /* new_feature_background@2x.png */ = {isa = PBXFileReference; lastKnownFileType = image.png; name = "new_feature_background@2x.png"; path = "images/new_feature_background@2x.png"; sourceTree = SOURCE_ROOT; };
		09B82B151986109200C070AD /* new_feature_finish_button_highlighted@2x.png */ = {isa = PBXFileReference; lastKnownFileType = image.png; name = "new_feature_finish_button_highlighted@2x.png"; path = "images/new_feature_finish_button_highlighted@2x.png"; sourceTree = SOURCE_ROOT; };
		09B82B161986109200C070AD /* new_feature_finish_button@2x.png */ = {isa = PBXFileReference; lastKnownFileType = image.png; name = "new_feature_finish_button@2x.png"; path = "images/new_feature_finish_button@2x.png"; sourceTree = SOURCE_ROOT; };
		09B82B171986109200C070AD /* new_feature_share_false@2x.png */ = {isa = PBXFileReference; lastKnownFileType = image.png; name = "new_feature_share_false@2x.png"; path = "images/new_feature_share_false@2x.png"; sourceTree = SOURCE_ROOT; };
		09B82B181986109200C070AD /* new_feature_share_true@2x.png */ = {isa = PBXFileReference; lastKnownFileType = image.png; name = "new_feature_share_true@2x.png"; path = "images/new_feature_share_true@2x.png"; sourceTree = SOURCE_ROOT; };
		09B82B191986109200C070AD /* statusdetail_comment_icon_like@2x.png */ = {isa = PBXFileReference; lastKnownFileType = image.png; name = "statusdetail_comment_icon_like@2x.png"; path = "images/statusdetail_comment_icon_like@2x.png"; sourceTree = SOURCE_ROOT; };
		09B82B1A1986109200C070AD /* statusdetail_icon_comment@2x.png */ = {isa = PBXFileReference; lastKnownFileType = image.png; name = "statusdetail_icon_comment@2x.png"; path = "images/statusdetail_icon_comment@2x.png"; sourceTree = SOURCE_ROOT; };
		09B82B1B1986109200C070AD /* statusdetail_icon_retweet@2x.png */ = {isa = PBXFileReference; lastKnownFileType = image.png; name = "statusdetail_icon_retweet@2x.png"; path = "images/statusdetail_icon_retweet@2x.png"; sourceTree = SOURCE_ROOT; };
		09B82B1C1986109200C070AD /* tabbar_background@2x.png */ = {isa = PBXFileReference; lastKnownFileType = image.png; name = "tabbar_background@2x.png"; path = "images/tabbar_background@2x.png"; sourceTree = SOURCE_ROOT; };
		09B82B1D1986109200C070AD /* tabbar_discover@2x.png */ = {isa = PBXFileReference; lastKnownFileType = image.png; name = "tabbar_discover@2x.png"; path = "images/tabbar_discover@2x.png"; sourceTree = SOURCE_ROOT; };
		09B82B1E1986109200C070AD /* tabbar_home@2x.png */ = {isa = PBXFileReference; lastKnownFileType = image.png; name = "tabbar_home@2x.png"; path = "images/tabbar_home@2x.png"; sourceTree = SOURCE_ROOT; };
		09B82B1F1986109200C070AD /* tabbar_message_center@2x.png */ = {isa = PBXFileReference; lastKnownFileType = image.png; name = "tabbar_message_center@2x.png"; path = "images/tabbar_message_center@2x.png"; sourceTree = SOURCE_ROOT; };
		09B82B201986109200C070AD /* tabbar_profile@2x.png */ = {isa = PBXFileReference; lastKnownFileType = image.png; name = "tabbar_profile@2x.png"; path = "images/tabbar_profile@2x.png"; sourceTree = SOURCE_ROOT; };
		09B82B211986109200C070AD /* timeline_group_visible_button_background.png */ = {isa = PBXFileReference; lastKnownFileType = image.png; name = timeline_group_visible_button_background.png; path = images/timeline_group_visible_button_background.png; sourceTree = SOURCE_ROOT; };
		09B82B221986109200C070AD /* timeline_group_visible_button_background@2x.png */ = {isa = PBXFileReference; lastKnownFileType = image.png; name = "timeline_group_visible_button_background@2x.png"; path = "images/timeline_group_visible_button_background@2x.png"; sourceTree = SOURCE_ROOT; };
		09B82B231986109200C070AD /* timeline_image_gif@2x.png */ = {isa = PBXFileReference; lastKnownFileType = image.png; name = "timeline_image_gif@2x.png"; path = "images/timeline_image_gif@2x.png"; sourceTree = SOURCE_ROOT; };
		09B82B241986109200C070AD /* timeline_retweet_background@2x.png */ = {isa = PBXFileReference; lastKnownFileType = image.png; name = "timeline_retweet_background@2x.png"; path = "images/timeline_retweet_background@2x.png"; sourceTree = SOURCE_ROOT; };
		09B82B6719861BD200C070AD /* LvUITabBarController.swift */ = {isa = PBXFileReference; fileEncoding = 4; lastKnownFileType = sourcecode.swift; path = LvUITabBarController.swift; sourceTree = "<group>"; };
		09B82B6919861C2D00C070AD /* LvHomeTableViewController.swift */ = {isa = PBXFileReference; fileEncoding = 4; lastKnownFileType = sourcecode.swift; path = LvHomeTableViewController.swift; sourceTree = "<group>"; };
		09B82B6B19861C3A00C070AD /* LvMessageTableViewController.swift */ = {isa = PBXFileReference; fileEncoding = 4; lastKnownFileType = sourcecode.swift; path = LvMessageTableViewController.swift; sourceTree = "<group>"; };
/* End PBXFileReference section */

/* Begin PBXFrameworksBuildPhase section */
		09B82A39198609B100C070AD /* Frameworks */ = {
			isa = PBXFrameworksBuildPhase;
			buildActionMask = 2147483647;
			files = (
			);
			runOnlyForDeploymentPostprocessing = 0;
		};
		09B82A4B198609B100C070AD /* Frameworks */ = {
			isa = PBXFrameworksBuildPhase;
			buildActionMask = 2147483647;
			files = (
			);
			runOnlyForDeploymentPostprocessing = 0;
		};
/* End PBXFrameworksBuildPhase section */

/* Begin PBXGroup section */
		09B82A33198609B000C070AD = {
			isa = PBXGroup;
			children = (
				09B82A3E198609B100C070AD /* wb */,
				09B82A51198609B100C070AD /* wbTests */,
				09B82A3D198609B100C070AD /* Products */,
			);
			sourceTree = "<group>";
		};
		09B82A3D198609B100C070AD /* Products */ = {
			isa = PBXGroup;
			children = (
				09B82A3C198609B100C070AD /* wb.app */,
				09B82A4E198609B100C070AD /* wbTests.xctest */,
			);
			name = Products;
			sourceTree = "<group>";
		};
		09B82A3E198609B100C070AD /* wb */ = {
			isa = PBXGroup;
			children = (
				09B82A5E19860FAC00C070AD /* images */,
				09B82A41198609B100C070AD /* AppDelegate.swift */,
				09B82B6919861C2D00C070AD /* LvHomeTableViewController.swift */,
				09B82B6719861BD200C070AD /* LvUITabBarController.swift */,
				09B82B6B19861C3A00C070AD /* LvMessageTableViewController.swift */,
				09B82A43198609B100C070AD /* ViewController.swift */,
				09B82A48198609B100C070AD /* Images.xcassets */,
				09B82A3F198609B100C070AD /* Supporting Files */,
			);
			path = wb;
			sourceTree = "<group>";
		};
		09B82A3F198609B100C070AD /* Supporting Files */ = {
			isa = PBXGroup;
			children = (
				09B82A40198609B100C070AD /* Info.plist */,
			);
			name = "Supporting Files";
			sourceTree = "<group>";
		};
		09B82A51198609B100C070AD /* wbTests */ = {
			isa = PBXGroup;
			children = (
				09B82A54198609B100C070AD /* wbTests.swift */,
				09B82A52198609B100C070AD /* Supporting Files */,
			);
			path = wbTests;
			sourceTree = "<group>";
		};
		09B82A52198609B100C070AD /* Supporting Files */ = {
			isa = PBXGroup;
			children = (
				09B82A53198609B100C070AD /* Info.plist */,
			);
			name = "Supporting Files";
			sourceTree = "<group>";
		};
		09B82A5E19860FAC00C070AD /* images */ = {
			isa = PBXGroup;
			children = (
				09B82AE31986109200C070AD /* avatar_default_big.png */,
				09B82AE41986109200C070AD /* avatar_default_big@2x.png */,
				09B82AE51986109200C070AD /* avatar_default_small.png */,
				09B82AE61986109200C070AD /* avatar_default_small@2x.png */,
				09B82AE71986109200C070AD /* avatar_default.png */,
				09B82AE81986109200C070AD /* avatar_default@2x.png */,
				09B82AE91986109200C070AD /* avatar_enterprise_vip_highlighted.png */,
				09B82AEA1986109200C070AD /* avatar_enterprise_vip_highlighted@2x.png */,
				09B82AEB1986109200C070AD /* avatar_enterprise_vip.png */,
				09B82AEC1986109200C070AD /* avatar_enterprise_vip@2x.png */,
				09B82AED1986109200C070AD /* avatar_grassroot_highlighted.png */,
				09B82AEE1986109200C070AD /* avatar_grassroot_highlighted@2x.png */,
				09B82AEF1986109200C070AD /* avatar_grassroot.png */,
				09B82AF01986109200C070AD /* avatar_grassroot@2x.png */,
				09B82AF11986109200C070AD /* avatar_vgirl.png */,
				09B82AF21986109200C070AD /* avatar_vgirl@2x.png */,
				09B82AF31986109200C070AD /* avatar_vip_highlighted.png */,
				09B82AF41986109200C070AD /* avatar_vip_highlighted@2x.png */,
				09B82AF51986109200C070AD /* avatar_vip.png */,
				09B82AF61986109200C070AD /* avatar_vip@2x.png */,
				09B82AF71986109200C070AD /* common_button_red_highlighted@2x.png */,
				09B82AF81986109200C070AD /* common_button_red@2x.png */,
				09B82AF91986109200C070AD /* common_card_background_highlighted@2x.png */,
				09B82AFA1986109200C070AD /* common_card_background@2x.png */,
				09B82AFB1986109200C070AD /* common_card_bottom_background_highlighted@2x.png */,
				09B82AFC1986109200C070AD /* common_card_bottom_background@2x.png */,
				09B82AFD1986109200C070AD /* common_card_middle_background_highlighted@2x.png */,
				09B82AFE1986109200C070AD /* common_card_middle_background@2x.png */,
				09B82AFF1986109200C070AD /* common_card_top_background_highlighted@2x.png */,
				09B82B001986109200C070AD /* common_card_top_background@2x.png */,
				09B82B011986109200C070AD /* common_icon_membership_level1@2x.png */,
				09B82B021986109200C070AD /* common_icon_membership_level2@2x.png */,
				09B82B031986109200C070AD /* common_icon_membership_level3@2x.png */,
				09B82B041986109200C070AD /* common_icon_membership_level4@2x.png */,
				09B82B051986109200C070AD /* common_icon_membership_level5@2x.png */,
				09B82B061986109200C070AD /* common_icon_membership_level6@2x.png */,
				09B82B071986109200C070AD /* common_icon_membership@2x.png */,
				09B82B081986109200C070AD /* Default-568h@2x.png */,
				09B82B091986109200C070AD /* Default@2x.png */,
				09B82B0A1986109200C070AD /* icon@2x.png */,
				09B82B0B1986109200C070AD /* messagescenter_at@2x.png */,
				09B82B0C1986109200C070AD /* messagescenter_comments@2x.png */,
				09B82B0D1986109200C070AD /* navigationbar_compose_highlighted@2x.png */,
				09B82B0E1986109200C070AD /* navigationbar_compose@2x.png */,
				09B82B0F1986109200C070AD /* navigationbar_pop_highlighted@2x.png */,
				09B82B101986109200C070AD /* navigationbar_pop@2x.png */,
				09B82B111986109200C070AD /* new_feature_1@2x.png */,
				09B82B121986109200C070AD /* new_feature_2@2x.png */,
				09B82B131986109200C070AD /* new_feature_3@2x.png */,
				09B82B141986109200C070AD /* new_feature_background@2x.png */,
				09B82B151986109200C070AD /* new_feature_finish_button_highlighted@2x.png */,
				09B82B161986109200C070AD /* new_feature_finish_button@2x.png */,
				09B82B171986109200C070AD /* new_feature_share_false@2x.png */,
				09B82B181986109200C070AD /* new_feature_share_true@2x.png */,
				09B82B191986109200C070AD /* statusdetail_comment_icon_like@2x.png */,
				09B82B1A1986109200C070AD /* statusdetail_icon_comment@2x.png */,
				09B82B1B1986109200C070AD /* statusdetail_icon_retweet@2x.png */,
				09B82B1C1986109200C070AD /* tabbar_background@2x.png */,
				09B82B1D1986109200C070AD /* tabbar_discover@2x.png */,
				09B82B1E1986109200C070AD /* tabbar_home@2x.png */,
				09B82B1F1986109200C070AD /* tabbar_message_center@2x.png */,
				09B82B201986109200C070AD /* tabbar_profile@2x.png */,
				09B82B211986109200C070AD /* timeline_group_visible_button_background.png */,
				09B82B221986109200C070AD /* timeline_group_visible_button_background@2x.png */,
				09B82B231986109200C070AD /* timeline_image_gif@2x.png */,
				09B82B241986109200C070AD /* timeline_retweet_background@2x.png */,
			);
			name = images;
			sourceTree = "<group>";
		};
/* End PBXGroup section */

/* Begin PBXNativeTarget section */
		09B82A3B198609B100C070AD /* wb */ = {
			isa = PBXNativeTarget;
			buildConfigurationList = 09B82A58198609B100C070AD /* Build configuration list for PBXNativeTarget "wb" */;
			buildPhases = (
				09B82A38198609B100C070AD /* Sources */,
				09B82A39198609B100C070AD /* Frameworks */,
				09B82A3A198609B100C070AD /* Resources */,
			);
			buildRules = (
			);
			dependencies = (
			);
			name = wb;
			productName = wb;
			productReference = 09B82A3C198609B100C070AD /* wb.app */;
			productType = "com.apple.product-type.application";
		};
		09B82A4D198609B100C070AD /* wbTests */ = {
			isa = PBXNativeTarget;
			buildConfigurationList = 09B82A5B198609B100C070AD /* Build configuration list for PBXNativeTarget "wbTests" */;
			buildPhases = (
				09B82A4A198609B100C070AD /* Sources */,
				09B82A4B198609B100C070AD /* Frameworks */,
				09B82A4C198609B100C070AD /* Resources */,
			);
			buildRules = (
			);
			dependencies = (
				09B82A50198609B100C070AD /* PBXTargetDependency */,
			);
			name = wbTests;
			productName = wbTests;
			productReference = 09B82A4E198609B100C070AD /* wbTests.xctest */;
			productType = "com.apple.product-type.bundle.unit-test";
		};
/* End PBXNativeTarget section */

/* Begin PBXProject section */
		09B82A34198609B000C070AD /* Project object */ = {
			isa = PBXProject;
			attributes = {
				LastUpgradeCheck = 0600;
				ORGANIZATIONNAME = "吕杏素";
				TargetAttributes = {
					09B82A3B198609B100C070AD = {
						CreatedOnToolsVersion = 6.0;
					};
					09B82A4D198609B100C070AD = {
						CreatedOnToolsVersion = 6.0;
						TestTargetID = 09B82A3B198609B100C070AD;
					};
				};
			};
			buildConfigurationList = 09B82A37198609B000C070AD /* Build configuration list for PBXProject "wb" */;
			compatibilityVersion = "Xcode 3.2";
			developmentRegion = English;
			hasScannedForEncodings = 0;
			knownRegions = (
				en,
				Base,
			);
			mainGroup = 09B82A33198609B000C070AD;
			productRefGroup = 09B82A3D198609B100C070AD /* Products */;
			projectDirPath = "";
			projectRoot = "";
			targets = (
				09B82A3B198609B100C070AD /* wb */,
				09B82A4D198609B100C070AD /* wbTests */,
			);
		};
/* End PBXProject section */

/* Begin PBXResourcesBuildPhase section */
		09B82A3A198609B100C070AD /* Resources */ = {
			isa = PBXResourcesBuildPhase;
			buildActionMask = 2147483647;
			files = (
				09B82B291986109200C070AD /* avatar_default.png in Resources */,
				09B82B3E1986109200C070AD /* common_card_bottom_background@2x.png in Resources */,
				09B82B391986109200C070AD /* common_button_red_highlighted@2x.png in Resources */,
				09B82B2E1986109200C070AD /* avatar_enterprise_vip@2x.png in Resources */,
				09B82B421986109200C070AD /* common_card_top_background@2x.png in Resources */,
				09B82B471986109200C070AD /* common_icon_membership_level5@2x.png in Resources */,
				09B82B531986109200C070AD /* new_feature_1@2x.png in Resources */,
				09B82B341986109200C070AD /* avatar_vgirl@2x.png in Resources */,
				09B82B641986109200C070AD /* timeline_group_visible_button_background@2x.png in Resources */,
				09B82A49198609B100C070AD /* Images.xcassets in Resources */,
				09B82B631986109200C070AD /* timeline_group_visible_button_background.png in Resources */,
				09B82B501986109200C070AD /* navigationbar_compose@2x.png in Resources */,
				09B82B261986109200C070AD /* avatar_default_big@2x.png in Resources */,
				09B82B281986109200C070AD /* avatar_default_small@2x.png in Resources */,
				09B82B401986109200C070AD /* common_card_middle_background@2x.png in Resources */,
				09B82B4E1986109200C070AD /* messagescenter_comments@2x.png in Resources */,
				09B82B3B1986109200C070AD /* common_card_background_highlighted@2x.png in Resources */,
				09B82B561986109200C070AD /* new_feature_background@2x.png in Resources */,
				09B82B3D1986109200C070AD /* common_card_bottom_background_highlighted@2x.png in Resources */,
				09B82B331986109200C070AD /* avatar_vgirl.png in Resources */,
				09B82B491986109200C070AD /* common_icon_membership@2x.png in Resources */,
				09B82B311986109200C070AD /* avatar_grassroot.png in Resources */,
				09B82B5D1986109200C070AD /* statusdetail_icon_retweet@2x.png in Resources */,
				09B82B521986109200C070AD /* navigationbar_pop@2x.png in Resources */,
				09B82B661986109200C070AD /* timeline_retweet_background@2x.png in Resources */,
				09B82B621986109200C070AD /* tabbar_profile@2x.png in Resources */,
				09B82B351986109200C070AD /* avatar_vip_highlighted.png in Resources */,
				09B82B4C1986109200C070AD /* icon@2x.png in Resources */,
				09B82B5E1986109200C070AD /* tabbar_background@2x.png in Resources */,
				09B82B271986109200C070AD /* avatar_default_small.png in Resources */,
				09B82B3C1986109200C070AD /* common_card_background@2x.png in Resources */,
				09B82B321986109200C070AD /* avatar_grassroot@2x.png in Resources */,
				09B82B541986109200C070AD /* new_feature_2@2x.png in Resources */,
				09B82B2D1986109200C070AD /* avatar_enterprise_vip.png in Resources */,
				09B82B5C1986109200C070AD /* statusdetail_icon_comment@2x.png in Resources */,
				09B82B361986109200C070AD /* avatar_vip_highlighted@2x.png in Resources */,
				09B82B571986109200C070AD /* new_feature_finish_button_highlighted@2x.png in Resources */,
				09B82B301986109200C070AD /* avatar_grassroot_highlighted@2x.png in Resources */,
				09B82B481986109200C070AD /* common_icon_membership_level6@2x.png in Resources */,
				09B82B451986109200C070AD /* common_icon_membership_level3@2x.png in Resources */,
				09B82B4F1986109200C070AD /* navigationbar_compose_highlighted@2x.png in Resources */,
				09B82B591986109200C070AD /* new_feature_share_false@2x.png in Resources */,
				09B82B431986109200C070AD /* common_icon_membership_level1@2x.png in Resources */,
				09B82B581986109200C070AD /* new_feature_finish_button@2x.png in Resources */,
				09B82B2B1986109200C070AD /* avatar_enterprise_vip_highlighted.png in Resources */,
				09B82B5F1986109200C070AD /* tabbar_discover@2x.png in Resources */,
				09B82B411986109200C070AD /* common_card_top_background_highlighted@2x.png in Resources */,
				09B82B2C1986109200C070AD /* avatar_enterprise_vip_highlighted@2x.png in Resources */,
				09B82B601986109200C070AD /* tabbar_home@2x.png in Resources */,
				09B82B381986109200C070AD /* avatar_vip@2x.png in Resources */,
				09B82B2A1986109200C070AD /* avatar_default@2x.png in Resources */,
				09B82B2F1986109200C070AD /* avatar_grassroot_highlighted.png in Resources */,
				09B82B511986109200C070AD /* navigationbar_pop_highlighted@2x.png in Resources */,
				09B82B611986109200C070AD /* tabbar_message_center@2x.png in Resources */,
				09B82B4B1986109200C070AD /* Default@2x.png in Resources */,
				09B82B4D1986109200C070AD /* messagescenter_at@2x.png in Resources */,
				09B82B3F1986109200C070AD /* common_card_middle_background_highlighted@2x.png in Resources */,
				09B82B461986109200C070AD /* common_icon_membership_level4@2x.png in Resources */,
				09B82B371986109200C070AD /* avatar_vip.png in Resources */,
				09B82B651986109200C070AD /* timeline_image_gif@2x.png in Resources */,
				09B82B4A1986109200C070AD /* Default-568h@2x.png in Resources */,
				09B82B551986109200C070AD /* new_feature_3@2x.png in Resources */,
				09B82B3A1986109200C070AD /* common_button_red@2x.png in Resources */,
				09B82B5A1986109200C070AD /* new_feature_share_true@2x.png in Resources */,
				09B82B251986109200C070AD /* avatar_default_big.png in Resources */,
				09B82B441986109200C070AD /* common_icon_membership_level2@2x.png in Resources */,
				09B82B5B1986109200C070AD /* statusdetail_comment_icon_like@2x.png in Resources */,
			);
			runOnlyForDeploymentPostprocessing = 0;
		};
		09B82A4C198609B100C070AD /* Resources */ = {
			isa = PBXResourcesBuildPhase;
			buildActionMask = 2147483647;
			files = (
			);
			runOnlyForDeploymentPostprocessing = 0;
		};
/* End PBXResourcesBuildPhase section */

/* Begin PBXSourcesBuildPhase section */
		09B82A38198609B100C070AD /* Sources */ = {
			isa = PBXSourcesBuildPhase;
			buildActionMask = 2147483647;
			files = (
				09B82B6A19861C2D00C070AD /* LvHomeTableViewController.swift in Sources */,
				09B82A44198609B100C070AD /* ViewController.swift in Sources */,
				09B82B6819861BD200C070AD /* LvUITabBarController.swift in Sources */,
				09B82A42198609B100C070AD /* AppDelegate.swift in Sources */,
				09B82B6C19861C3A00C070AD /* LvMessageTableViewController.swift in Sources */,
			);
			runOnlyForDeploymentPostprocessing = 0;
		};
		09B82A4A198609B100C070AD /* Sources */ = {
			isa = PBXSourcesBuildPhase;
			buildActionMask = 2147483647;
			files = (
				09B82A55198609B100C070AD /* wbTests.swift in Sources */,
			);
			runOnlyForDeploymentPostprocessing = 0;
		};
/* End PBXSourcesBuildPhase section */

/* Begin PBXTargetDependency section */
		09B82A50198609B100C070AD /* PBXTargetDependency */ = {
			isa = PBXTargetDependency;
			target = 09B82A3B198609B100C070AD /* wb */;
			targetProxy = 09B82A4F198609B100C070AD /* PBXContainerItemProxy */;
		};
/* End PBXTargetDependency section */

/* Begin XCBuildConfiguration section */
		09B82A56198609B100C070AD /* Debug */ = {
			isa = XCBuildConfiguration;
			buildSettings = {
				ALWAYS_SEARCH_USER_PATHS = NO;
				CLANG_CXX_LANGUAGE_STANDARD = "gnu++0x";
				CLANG_CXX_LIBRARY = "libc++";
				CLANG_ENABLE_MODULES = YES;
				CLANG_ENABLE_OBJC_ARC = YES;
				CLANG_WARN_BOOL_CONVERSION = YES;
				CLANG_WARN_CONSTANT_CONVERSION = YES;
				CLANG_WARN_DIRECT_OBJC_ISA_USAGE = YES_ERROR;
				CLANG_WARN_EMPTY_BODY = YES;
				CLANG_WARN_ENUM_CONVERSION = YES;
				CLANG_WARN_INT_CONVERSION = YES;
				CLANG_WARN_OBJC_ROOT_CLASS = YES_ERROR;
				CLANG_WARN_UNREACHABLE_CODE = YES;
				CLANG_WARN__DUPLICATE_METHOD_MATCH = YES;
				"CODE_SIGN_IDENTITY[sdk=iphoneos*]" = "iPhone Developer";
				COPY_PHASE_STRIP = NO;
				ENABLE_STRICT_OBJC_MSGSEND = YES;
				GCC_C_LANGUAGE_STANDARD = gnu99;
				GCC_DYNAMIC_NO_PIC = NO;
				GCC_OPTIMIZATION_LEVEL = 0;
				GCC_PREPROCESSOR_DEFINITIONS = (
					"DEBUG=1",
					"$(inherited)",
				);
				GCC_SYMBOLS_PRIVATE_EXTERN = NO;
				GCC_WARN_64_TO_32_BIT_CONVERSION = YES;
				GCC_WARN_ABOUT_RETURN_TYPE = YES_ERROR;
				GCC_WARN_UNDECLARED_SELECTOR = YES;
				GCC_WARN_UNINITIALIZED_AUTOS = YES_AGGRESSIVE;
				GCC_WARN_UNUSED_FUNCTION = YES;
				GCC_WARN_UNUSED_VARIABLE = YES;
				IPHONEOS_DEPLOYMENT_TARGET = 8.0;
				MTL_ENABLE_DEBUG_INFO = YES;
				ONLY_ACTIVE_ARCH = YES;
				SDKROOT = iphoneos;
				SWIFT_OPTIMIZATION_LEVEL = "-Onone";
			};
			name = Debug;
		};
		09B82A57198609B100C070AD /* Release */ = {
			isa = XCBuildConfiguration;
			buildSettings = {
				ALWAYS_SEARCH_USER_PATHS = NO;
				CLANG_CXX_LANGUAGE_STANDARD = "gnu++0x";
				CLANG_CXX_LIBRARY = "libc++";
				CLANG_ENABLE_MODULES = YES;
				CLANG_ENABLE_OBJC_ARC = YES;
				CLANG_WARN_BOOL_CONVERSION = YES;
				CLANG_WARN_CONSTANT_CONVERSION = YES;
				CLANG_WARN_DIRECT_OBJC_ISA_USAGE = YES_ERROR;
				CLANG_WARN_EMPTY_BODY = YES;
				CLANG_WARN_ENUM_CONVERSION = YES;
				CLANG_WARN_INT_CONVERSION = YES;
				CLANG_WARN_OBJC_ROOT_CLASS = YES_ERROR;
				CLANG_WARN_UNREACHABLE_CODE = YES;
				CLANG_WARN__DUPLICATE_METHOD_MATCH = YES;
				"CODE_SIGN_IDENTITY[sdk=iphoneos*]" = "iPhone Developer";
				COPY_PHASE_STRIP = YES;
				ENABLE_NS_ASSERTIONS = NO;
				ENABLE_STRICT_OBJC_MSGSEND = YES;
				GCC_C_LANGUAGE_STANDARD = gnu99;
				GCC_WARN_64_TO_32_BIT_CONVERSION = YES;
				GCC_WARN_ABOUT_RETURN_TYPE = YES_ERROR;
				GCC_WARN_UNDECLARED_SELECTOR = YES;
				GCC_WARN_UNINITIALIZED_AUTOS = YES_AGGRESSIVE;
				GCC_WARN_UNUSED_FUNCTION = YES;
				GCC_WARN_UNUSED_VARIABLE = YES;
				IPHONEOS_DEPLOYMENT_TARGET = 8.0;
				MTL_ENABLE_DEBUG_INFO = NO;
				SDKROOT = iphoneos;
				VALIDATE_PRODUCT = YES;
			};
			name = Release;
		};
		09B82A59198609B100C070AD /* Debug */ = {
			isa = XCBuildConfiguration;
			buildSettings = {
				ASSETCATALOG_COMPILER_APPICON_NAME = AppIcon;
				ASSETCATALOG_COMPILER_LAUNCHIMAGE_NAME = LaunchImage;
				INFOPLIST_FILE = wb/Info.plist;
				LD_RUNPATH_SEARCH_PATHS = "$(inherited) @executable_path/Frameworks";
				PRODUCT_NAME = "$(TARGET_NAME)";
			};
			name = Debug;
		};
		09B82A5A198609B100C070AD /* Release */ = {
			isa = XCBuildConfiguration;
			buildSettings = {
				ASSETCATALOG_COMPILER_APPICON_NAME = AppIcon;
				ASSETCATALOG_COMPILER_LAUNCHIMAGE_NAME = LaunchImage;
				INFOPLIST_FILE = wb/Info.plist;
				LD_RUNPATH_SEARCH_PATHS = "$(inherited) @executable_path/Frameworks";
				PRODUCT_NAME = "$(TARGET_NAME)";
			};
			name = Release;
		};
		09B82A5C198609B100C070AD /* Debug */ = {
			isa = XCBuildConfiguration;
			buildSettings = {
				BUNDLE_LOADER = "$(BUILT_PRODUCTS_DIR)/wb.app/wb";
				FRAMEWORK_SEARCH_PATHS = (
					"$(SDKROOT)/Developer/Library/Frameworks",
					"$(inherited)",
				);
				GCC_PREPROCESSOR_DEFINITIONS = (
					"DEBUG=1",
					"$(inherited)",
				);
				INFOPLIST_FILE = wbTests/Info.plist;
				LD_RUNPATH_SEARCH_PATHS = "$(inherited) @executable_path/Frameworks @loader_path/Frameworks";
				PRODUCT_NAME = "$(TARGET_NAME)";
				TEST_HOST = "$(BUNDLE_LOADER)";
			};
			name = Debug;
		};
		09B82A5D198609B100C070AD /* Release */ = {
			isa = XCBuildConfiguration;
			buildSettings = {
				BUNDLE_LOADER = "$(BUILT_PRODUCTS_DIR)/wb.app/wb";
				FRAMEWORK_SEARCH_PATHS = (
					"$(SDKROOT)/Developer/Library/Frameworks",
					"$(inherited)",
				);
				INFOPLIST_FILE = wbTests/Info.plist;
				LD_RUNPATH_SEARCH_PATHS = "$(inherited) @executable_path/Frameworks @loader_path/Frameworks";
				PRODUCT_NAME = "$(TARGET_NAME)";
				TEST_HOST = "$(BUNDLE_LOADER)";
			};
			name = Release;
		};
/* End XCBuildConfiguration section */

/* Begin XCConfigurationList section */
		09B82A37198609B000C070AD /* Build configuration list for PBXProject "wb" */ = {
			isa = XCConfigurationList;
			buildConfigurations = (
				09B82A56198609B100C070AD /* Debug */,
				09B82A57198609B100C070AD /* Release */,
			);
			defaultConfigurationIsVisible = 0;
			defaultConfigurationName = Release;
		};
		09B82A58198609B100C070AD /* Build configuration list for PBXNativeTarget "wb" */ = {
			isa = XCConfigurationList;
			buildConfigurations = (
				09B82A59198609B100C070AD /* Debug */,
				09B82A5A198609B100C070AD /* Release */,
			);
			defaultConfigurationIsVisible = 0;
		};
		09B82A5B198609B100C070AD /* Build configuration list for PBXNativeTarget "wbTests" */ = {
			isa = XCConfigurationList;
			buildConfigurations = (
				09B82A5C198609B100C070AD /* Debug */,
				09B82A5D198609B100C070AD /* Release */,
			);
			defaultConfigurationIsVisible = 0;
		};
/* End XCConfigurationList section */
	};
	rootObject = 09B82A34198609B000C070AD /* Project object */;
}
